# This file is autogenerated, do not edit; changes may be undone by the next 'dep ensure'.


[[projects]]
  name = "github.com/PuerkitoBio/goquery"
  packages = ["."]
  revision = "dc2ec5c7ca4d9aae063b79b9f581dd3ea6afd2b2"
  version = "v1.4.1"

[[projects]]
  name = "github.com/andybalholm/cascadia"
  packages = ["."]
  revision = "901648c87902174f774fac311d7f176f8647bdaa"
  version = "v1.0.0"

[[projects]]
  name = "github.com/aws/aws-sdk-go"
  packages = ["aws","aws/awserr","aws/awsutil","aws/client","aws/client/metadata","aws/corehandlers","aws/credentials","aws/credentials/ec2rolecreds","aws/credentials/endpointcreds","aws/credentials/stscreds","aws/defaults","aws/ec2metadata","aws/endpoints","aws/request","aws/session","aws/signer/v4","internal/shareddefaults","private/protocol","private/protocol/query","private/protocol/query/queryutil","private/protocol/rest","private/protocol/restxml","private/protocol/xml/xmlutil","service/s3","service/s3/s3iface","service/s3/s3manager","service/sts"]
  revision = "b69f447375c7fa0047ebcdd8ae5d585d5aac2f71"
  version = "v1.10.51"

[[projects]]
  branch = "master"
  name = "github.com/btcsuite/btcd"
  packages = ["btcec","btcjson","chaincfg","chaincfg/chainhash","rpcclient","wire"]
  revision = "2a560b2036bee5e3679ec2133eb6520b2f195213"

[[projects]]
  branch = "master"
  name = "github.com/btcsuite/btclog"
  packages = ["."]
  revision = "84c8d2346e9fc8c7b947e243b9c24e6df9fd206a"

[[projects]]
  branch = "master"
  name = "github.com/btcsuite/btcutil"
  packages = [".","base58","bech32"]
  revision = "ab6388e0c60ae4834a1f57511e20c17b5f78be4b"

[[projects]]
  branch = "master"
  name = "github.com/btcsuite/go-socks"
  packages = ["socks"]
  revision = "4720035b7bfd2a9bb130b1c184f8bbe41b6f0d0f"

[[projects]]
  branch = "master"
  name = "github.com/btcsuite/websocket"
  packages = ["."]
  revision = "31079b6807923eb23992c421b114992b95131b55"

[[projects]]
  name = "github.com/go-errors/errors"
  packages = ["."]
  revision = "a6af135bd4e28680facf08a3d206b454abc877a4"
  version = "v1.0.1"

[[projects]]
  branch = "master"
  name = "github.com/go-ini/ini"
  packages = ["."]
  revision = "7b294651033cd7d9e7f0d9ffa1b75ed1e198e737"

[[projects]]
  name = "github.com/golang/protobuf"
  packages = ["proto"]
  revision = "aa810b61a9c79d51363740d207bb46cf8e620ed5"
  version = "v1.2.0"

[[projects]]
  name = "github.com/gorilla/websocket"
  packages = ["."]
  revision = "66b9c49e59c6c48f0ffce28c2d8b8a5678502c6d"
  version = "v1.4.0"

[[projects]]
  name = "github.com/inconshreveable/mousetrap"
  packages = ["."]
  revision = "76626ae9c91c4f2a10f34cad8ce83ea42c93bb75"
  version = "v1.0"

[[projects]]
  name = "github.com/jmespath/go-jmespath"
  packages = ["."]
  revision = "3433f3ea46d9f8019119e7dd41274e112a2359a9"
  version = "0.2.2"

[[projects]]
  name = "github.com/konsorten/go-windows-terminal-sequences"
  packages = ["."]
  revision = "5c8c8bd35d3832f5d134ae1e1e375b69a4d25242"
  version = "v1.0.1"

[[projects]]
  branch = "master"
  name = "github.com/lbryio/lbry.go"
  packages = ["errors","jsonrpc","lbrycrd","null","stop","util"]
  revision = "7a6eb5728093ff8da4bc6d9691308acf10fb9a53"

[[projects]]
  branch = "master"
  name = "github.com/lbryio/lbryschema.go"
  packages = ["pb"]
  revision = "185433f2fd0c732547654749b98b37e56223dd22"

[[projects]]
  branch = "master"
  name = "github.com/mitchellh/go-ps"
  packages = ["."]
  revision = "4fdf99ab29366514c69ccccddab5dc58b8d84062"

[[projects]]
  branch = "master"
  name = "github.com/mitchellh/mapstructure"
  packages = ["."]
  revision = "3536a929edddb9a5b34bd6861dc4a9647cb459fe"

[[projects]]
  name = "github.com/nlopes/slack"
  packages = [".","slackutilsx"]
  revision = "b9033a72a20bf84563485e86a2adbea4bf265804"
  version = "v0.4.0"

[[projects]]
  name = "github.com/pkg/errors"
  packages = ["."]
  revision = "645ef00459ed84a119197bfb8d8205042c6df63d"
  version = "v0.8.0"

[[projects]]
  branch = "master"
  name = "github.com/rylio/ytdl"
  packages = ["."]
  revision = "0227c2bacb82a434f2332d7d8c64093615c08a40"

[[projects]]
  branch = "master"
  name = "github.com/shopspring/decimal"
  packages = ["."]
  revision = "cd690d0c9e2447b1ef2a129a6b7b49077da89b8e"

[[projects]]
  branch = "master"
  name = "github.com/sirupsen/logrus"
  packages = ["."]
  revision = "3f90cee1e41a38ba27c831844c002952512997c0"

[[projects]]
  branch = "master"
  name = "github.com/spf13/cobra"
  packages = ["."]
  revision = "8d114be902bc9f08717804830a55c48378108a28"

[[projects]]
  name = "github.com/spf13/pflag"
  packages = ["."]
  revision = "298182f68c66c05229eb03ac171abe6e309ee79a"
  version = "v1.0.3"

[[projects]]
  branch = "master"
  name = "github.com/ybbus/jsonrpc"
  packages = ["."]
  revision = "2a548b7d822dd62717337a6b1e817fae1b14660a"

[[projects]]
  branch = "master"
  name = "golang.org/x/crypto"
  packages = ["ripemd160","ssh/terminal"]
  revision = "e3636079e1a4c1f337f212cc5cd2aca108f6c900"

[[projects]]
  branch = "master"
  name = "golang.org/x/net"
  packages = ["context","context/ctxhttp","html","html/atom"]
  revision = "146acd28ed5894421fb5aac80ca93bc1b1f46f87"

[[projects]]
  branch = "master"
  name = "golang.org/x/sys"
  packages = ["unix","windows"]
  revision = "4497e2df6f9e69048a54498c7affbbec3294ad47"

[[projects]]
  branch = "master"
  name = "google.golang.org/api"
  packages = ["gensupport","googleapi","googleapi/internal/uritemplates","googleapi/transport","youtube/v3"]
  revision = "c21459d81882ee61fcd6631fb94dbd9a29bd4377"

[[projects]]
  name = "gopkg.in/nullbio/null.v6"
  packages = ["convert"]
  revision = "40264a2e6b7972d183906cf17663983c23231c82"
  version = "v6.3"

[solve-meta]
  analyzer-name = "dep"
  analyzer-version = 1
  inputs-digest = "fe3351484a6898af04c1fc5633ea4ff27e007df5543ab4afbdaf6bc8fb3d1702"
  solver-name = "gps-cdcl"
  solver-version = 1
